{
    "name": "online3dviewer-custom-install",
    "version": "1.0.0",
    "lockfileVersion": 3,
    "requires": true,
    "packages": {
        "": {
            "name": "online3dviewer-custom-install",
            "version": "1.0.0",
            "dependencies": {
                "online-3d-viewer": "^0.16.0"
            }
        },
        "node_modules/@simonwep/pickr": {
            "version": "1.9.0",
            "resolved": "https://registry.npmjs.org/@simonwep/pickr/-/pickr-1.9.0.tgz",
            "integrity": "sha512-oEYvv15PyfZzjoAzvXYt3UyNGwzsrpFxLaZKzkOSd0WYBVwLd19iJerePDONxC1iF6+DpcswPdLIM2KzCJuYFg==",
            "license": "MIT",
            "dependencies": {
                "core-js": "3.32.2",
                "nanopop": "2.3.0"
            }
        },
        "node_modules/core-js": {
            "version": "3.32.2",
            "resolved": "https://registry.npmjs.org/core-js/-/core-js-3.32.2.tgz",
            "integrity": "sha512-pxXSw1mYZPDGvTQqEc5vgIb83jGQKFGYWY76z4a7weZXUolw3G+OvpZqSRcfYOoOVUQJYEPsWeQK8pKEnUtWxQ==",
            "hasInstallScript": true,
            "license": "MIT",
            "funding": {
                "type": "opencollective",
                "url": "https://opencollective.com/core-js"
            }
        },
        "node_modules/fflate": {
            "version": "0.8.2",
            "resolved": "https://registry.npmjs.org/fflate/-/fflate-0.8.2.tgz",
            "integrity": "sha512-cPJU47OaAoCbg0pBvzsgpTPhmhqI5eJjh/JIu8tPj5q+T7iLvW/JAYUqmE7KOB4R1ZyEhzBaIQpQpardBF5z8A==",
            "license": "MIT"
        },
        "node_modules/nanopop": {
            "version": "2.3.0",
            "resolved": "https://registry.npmjs.org/nanopop/-/nanopop-2.3.0.tgz",
            "integrity": "sha512-fzN+T2K7/Ah25XU02MJkPZ5q4Tj5FpjmIYq4rvoHX4yb16HzFdCO6JxFFn5Y/oBhQ8no8fUZavnyIv9/+xkBBw==",
            "license": "MIT"
        },
        "node_modules/online-3d-viewer": {
            "version": "0.16.0",
            "resolved": "https://registry.npmjs.org/online-3d-viewer/-/online-3d-viewer-0.16.0.tgz",
            "integrity": "sha512-Mcmo41TM3K+svlMDRH8ySKSY2e8s7Sssdb5U9LV3gkFKVWGGuS304Vk5gqxopAJbE72DpsC67Ve3YNtcAuROwQ==",
            "license": "MIT",
            "dependencies": {
                "@simonwep/pickr": "1.9.0",
                "fflate": "0.8.2",
                "three": "0.176.0"
            }
        },
        "node_modules/three": {
            "version": "0.176.0",
            "resolved": "https://registry.npmjs.org/three/-/three-0.176.0.tgz",
            "integrity": "sha512-PWRKYWQo23ojf9oZSlRGH8K09q7nRSWx6LY/HF/UUrMdYgN9i1e2OwJYHoQjwc6HF/4lvvYLC5YC1X8UJL2ZpA==",
            "license": "MIT"
        }
    }
}
