{
    "name": "cesium-custom-install",
    "version": "1.0.0",
    "lockfileVersion": 3,
    "requires": true,
    "packages": {
        "": {
            "name": "cesium-custom-install",
            "version": "1.0.0",
            "license": "Apache-2.0",
            "dependencies": {
                "cesium": "1.118.0"
            }
        },
        "node_modules/@cesium/engine": {
            "version": "9.2.0",
            "resolved": "https://registry.npmjs.org/@cesium/engine/-/engine-9.2.0.tgz",
            "integrity": "sha512-vFVITo7UwIY1H8zK53etljv1w0CVaFSzOcLyItrM88r47zyPL7/RgooVKqZXnM5V8prs33S5TO/JSqJmvpyMTQ==",
            "license": "Apache-2.0",
            "dependencies": {
                "@tweenjs/tween.js": "^23.1.1",
                "@zip.js/zip.js": "^2.7.34",
                "autolinker": "^4.0.0",
                "bitmap-sdf": "^1.0.3",
                "dompurify": "^3.0.2",
                "draco3d": "^1.5.1",
                "earcut": "^2.2.4",
                "grapheme-splitter": "^1.0.4",
                "jsep": "^1.3.8",
                "kdbush": "^4.0.1",
                "ktx-parse": "^0.7.0",
                "lerc": "^2.0.0",
                "mersenne-twister": "^1.1.0",
                "meshoptimizer": "^0.20.0",
                "pako": "^2.0.4",
                "protobufjs": "^7.1.0",
                "rbush": "^3.0.1",
                "topojson-client": "^3.1.0",
                "urijs": "^1.19.7"
            },
            "engines": {
                "node": ">=14.0.0"
            }
        },
        "node_modules/@cesium/widgets": {
            "version": "6.1.2",
            "resolved": "https://registry.npmjs.org/@cesium/widgets/-/widgets-6.1.2.tgz",
            "integrity": "sha512-RNgogbRqlzjZxxG7icAUIDFZ0rm4OpHJ9b9lS/TGVm44PVVNG0Umhp4Tlf9U6r4ggwayKUkGV5dDIDa+pJGcVQ==",
            "license": "Apache-2.0",
            "dependencies": {
                "@cesium/engine": "^9.2.0",
                "nosleep.js": "^0.12.0"
            },
            "engines": {
                "node": ">=14.0.0"
            }
        },
        "node_modules/@protobufjs/aspromise": {
            "version": "1.1.2",
            "resolved": "https://registry.npmjs.org/@protobufjs/aspromise/-/aspromise-1.1.2.tgz",
            "integrity": "sha512-j+gKExEuLmKwvz3OgROXtrJ2UG2x8Ch2YZUxahh+s1F2HZ+wAceUNLkvy6zKCPVRkU++ZWQrdxsUeQXmcg4uoQ==",
            "license": "BSD-3-Clause"
        },
        "node_modules/@protobufjs/base64": {
            "version": "1.1.2",
            "resolved": "https://registry.npmjs.org/@protobufjs/base64/-/base64-1.1.2.tgz",
            "integrity": "sha512-AZkcAA5vnN/v4PDqKyMR5lx7hZttPDgClv83E//FMNhR2TMcLUhfRUBHCmSl0oi9zMgDDqRUJkSxO3wm85+XLg==",
            "license": "BSD-3-Clause"
        },
        "node_modules/@protobufjs/codegen": {
            "version": "2.0.4",
            "resolved": "https://registry.npmjs.org/@protobufjs/codegen/-/codegen-2.0.4.tgz",
            "integrity": "sha512-YyFaikqM5sH0ziFZCN3xDC7zeGaB/d0IUb9CATugHWbd1FRFwWwt4ld4OYMPWu5a3Xe01mGAULCdqhMlPl29Jg==",
            "license": "BSD-3-Clause"
        },
        "node_modules/@protobufjs/eventemitter": {
            "version": "1.1.0",
            "resolved": "https://registry.npmjs.org/@protobufjs/eventemitter/-/eventemitter-1.1.0.tgz",
            "integrity": "sha512-j9ednRT81vYJ9OfVuXG6ERSTdEL1xVsNgqpkxMsbIabzSo3goCjDIveeGv5d03om39ML71RdmrGNjG5SReBP/Q==",
            "license": "BSD-3-Clause"
        },
        "node_modules/@protobufjs/fetch": {
            "version": "1.1.0",
            "resolved": "https://registry.npmjs.org/@protobufjs/fetch/-/fetch-1.1.0.tgz",
            "integrity": "sha512-lljVXpqXebpsijW71PZaCYeIcE5on1w5DlQy5WH6GLbFryLUrBD4932W/E2BSpfRJWseIL4v/KPgBFxDOIdKpQ==",
            "license": "BSD-3-Clause",
            "dependencies": {
                "@protobufjs/aspromise": "^1.1.1",
                "@protobufjs/inquire": "^1.1.0"
            }
        },
        "node_modules/@protobufjs/float": {
            "version": "1.0.2",
            "resolved": "https://registry.npmjs.org/@protobufjs/float/-/float-1.0.2.tgz",
            "integrity": "sha512-Ddb+kVXlXst9d+R9PfTIxh1EdNkgoRe5tOX6t01f1lYWOvJnSPDBlG241QLzcyPdoNTsblLUdujGSE4RzrTZGQ==",
            "license": "BSD-3-Clause"
        },
        "node_modules/@protobufjs/inquire": {
            "version": "1.1.0",
            "resolved": "https://registry.npmjs.org/@protobufjs/inquire/-/inquire-1.1.0.tgz",
            "integrity": "sha512-kdSefcPdruJiFMVSbn801t4vFK7KB/5gd2fYvrxhuJYg8ILrmn9SKSX2tZdV6V+ksulWqS7aXjBcRXl3wHoD9Q==",
            "license": "BSD-3-Clause"
        },
        "node_modules/@protobufjs/path": {
            "version": "1.1.2",
            "resolved": "https://registry.npmjs.org/@protobufjs/path/-/path-1.1.2.tgz",
            "integrity": "sha512-6JOcJ5Tm08dOHAbdR3GrvP+yUUfkjG5ePsHYczMFLq3ZmMkAD98cDgcT2iA1lJ9NVwFd4tH/iSSoe44YWkltEA==",
            "license": "BSD-3-Clause"
        },
        "node_modules/@protobufjs/pool": {
            "version": "1.1.0",
            "resolved": "https://registry.npmjs.org/@protobufjs/pool/-/pool-1.1.0.tgz",
            "integrity": "sha512-0kELaGSIDBKvcgS4zkjz1PeddatrjYcmMWOlAuAPwAeccUrPHdUqo/J6LiymHHEiJT5NrF1UVwxY14f+fy4WQw==",
            "license": "BSD-3-Clause"
        },
        "node_modules/@protobufjs/utf8": {
            "version": "1.1.0",
            "resolved": "https://registry.npmjs.org/@protobufjs/utf8/-/utf8-1.1.0.tgz",
            "integrity": "sha512-Vvn3zZrhQZkkBE8LSuW3em98c0FwgO4nxzv6OdSxPKJIEKY2bGbHn+mhGIPerzI4twdxaP8/0+06HBpwf345Lw==",
            "license": "BSD-3-Clause"
        },
        "node_modules/@tweenjs/tween.js": {
            "version": "23.1.3",
            "resolved": "https://registry.npmjs.org/@tweenjs/tween.js/-/tween.js-23.1.3.tgz",
            "integrity": "sha512-vJmvvwFxYuGnF2axRtPYocag6Clbb5YS7kLL+SO/TeVFzHqDIWrNKYtcsPMibjDx9O+bu+psAy9NKfWklassUA==",
            "license": "MIT"
        },
        "node_modules/@types/node": {
            "version": "24.10.0",
            "resolved": "https://registry.npmjs.org/@types/node/-/node-24.10.0.tgz",
            "integrity": "sha512-qzQZRBqkFsYyaSWXuEHc2WR9c0a0CXwiE5FWUvn7ZM+vdy1uZLfCunD38UzhuB7YN/J11ndbDBcTmOdxJo9Q7A==",
            "license": "MIT",
            "dependencies": {
                "undici-types": "~7.16.0"
            }
        },
        "node_modules/@types/trusted-types": {
            "version": "2.0.7",
            "resolved": "https://registry.npmjs.org/@types/trusted-types/-/trusted-types-2.0.7.tgz",
            "integrity": "sha512-ScaPdn1dQczgbl0QFTeTOmVHFULt394XJgOQNoyVhZ6r2vLnMLJfBPd53SB52T/3G36VI1/g2MZaX0cwDuXsfw==",
            "license": "MIT",
            "optional": true
        },
        "node_modules/@zip.js/zip.js": {
            "version": "2.8.9",
            "resolved": "https://registry.npmjs.org/@zip.js/zip.js/-/zip.js-2.8.9.tgz",
            "integrity": "sha512-/+biUfpFAi/zqW9m+BRrPcUrO13S7CD48kSejrsPclVsWve76WHXv6o5L1NkPVVh4WgrE+ynyzxpPg5OpFuqpA==",
            "license": "BSD-3-Clause",
            "engines": {
                "bun": ">=0.7.0",
                "deno": ">=1.0.0",
                "node": ">=18.0.0"
            }
        },
        "node_modules/autolinker": {
            "version": "4.1.5",
            "resolved": "https://registry.npmjs.org/autolinker/-/autolinker-4.1.5.tgz",
            "integrity": "sha512-vEfYZPmvVOIuE567XBVCsx8SBgOYtjB2+S1iAaJ+HgH+DNjAcrHem2hmAeC9yaNGWayicv4yR+9UaJlkF3pvtw==",
            "license": "MIT",
            "dependencies": {
                "tslib": "^2.8.1"
            },
            "engines": {
                "pnpm": ">=10.10.0"
            }
        },
        "node_modules/bitmap-sdf": {
            "version": "1.0.4",
            "resolved": "https://registry.npmjs.org/bitmap-sdf/-/bitmap-sdf-1.0.4.tgz",
            "integrity": "sha512-1G3U4n5JE6RAiALMxu0p1XmeZkTeCwGKykzsLTCqVzfSDaN6S7fKnkIkfejogz+iwqBWc0UYAIKnKHNN7pSfDg==",
            "license": "MIT"
        },
        "node_modules/cesium": {
            "version": "1.118.0",
            "resolved": "https://registry.npmjs.org/cesium/-/cesium-1.118.0.tgz",
            "integrity": "sha512-au+WQ67bDZUw25kFFod/qtWfpxNoQPg2VQXU1XMr/64Gj1ZdvDSmuxO8sbum8tHieKDt9ER7JssSbefH/C3YSg==",
            "license": "Apache-2.0",
            "workspaces": [
                "packages/engine",
                "packages/widgets"
            ],
            "dependencies": {
                "@cesium/engine": "^9.2.0",
                "@cesium/widgets": "^6.1.0"
            },
            "engines": {
                "node": ">=18.18.0"
            }
        },
        "node_modules/commander": {
            "version": "2.20.3",
            "resolved": "https://registry.npmjs.org/commander/-/commander-2.20.3.tgz",
            "integrity": "sha512-GpVkmM8vF2vQUkj2LvZmD35JxeJOLCwJ9cUkugyk2nuhbv3+mJvpLYYt+0+USMxE+oj+ey/lJEnhZw75x/OMcQ==",
            "license": "MIT"
        },
        "node_modules/dompurify": {
            "version": "3.3.0",
            "resolved": "https://registry.npmjs.org/dompurify/-/dompurify-3.3.0.tgz",
            "integrity": "sha512-r+f6MYR1gGN1eJv0TVQbhA7if/U7P87cdPl3HN5rikqaBSBxLiCb/b9O+2eG0cxz0ghyU+mU1QkbsOwERMYlWQ==",
            "license": "(MPL-2.0 OR Apache-2.0)",
            "optionalDependencies": {
                "@types/trusted-types": "^2.0.7"
            }
        },
        "node_modules/draco3d": {
            "version": "1.5.7",
            "resolved": "https://registry.npmjs.org/draco3d/-/draco3d-1.5.7.tgz",
            "integrity": "sha512-m6WCKt/erDXcw+70IJXnG7M3awwQPAsZvJGX5zY7beBqpELw6RDGkYVU0W43AFxye4pDZ5i2Lbyc/NNGqwjUVQ==",
            "license": "Apache-2.0"
        },
        "node_modules/earcut": {
            "version": "2.2.4",
            "resolved": "https://registry.npmjs.org/earcut/-/earcut-2.2.4.tgz",
            "integrity": "sha512-/pjZsA1b4RPHbeWZQn66SWS8nZZWLQQ23oE3Eam7aroEFGEvwKAsJfZ9ytiEMycfzXWpca4FA9QIOehf7PocBQ==",
            "license": "ISC"
        },
        "node_modules/grapheme-splitter": {
            "version": "1.0.4",
            "resolved": "https://registry.npmjs.org/grapheme-splitter/-/grapheme-splitter-1.0.4.tgz",
            "integrity": "sha512-bzh50DW9kTPM00T8y4o8vQg89Di9oLJVLW/KaOGIXJWP/iqCN6WKYkbNOF04vFLJhwcpYUh9ydh/+5vpOqV4YQ==",
            "license": "MIT"
        },
        "node_modules/jsep": {
            "version": "1.4.0",
            "resolved": "https://registry.npmjs.org/jsep/-/jsep-1.4.0.tgz",
            "integrity": "sha512-B7qPcEVE3NVkmSJbaYxvv4cHkVW7DQsZz13pUMrfS8z8Q/BuShN+gcTXrUlPiGqM2/t/EEaI030bpxMqY8gMlw==",
            "license": "MIT",
            "engines": {
                "node": ">= 10.16.0"
            }
        },
        "node_modules/kdbush": {
            "version": "4.0.2",
            "resolved": "https://registry.npmjs.org/kdbush/-/kdbush-4.0.2.tgz",
            "integrity": "sha512-WbCVYJ27Sz8zi9Q7Q0xHC+05iwkm3Znipc2XTlrnJbsHMYktW4hPhXUE8Ys1engBrvffoSCqbil1JQAa7clRpA==",
            "license": "ISC"
        },
        "node_modules/ktx-parse": {
            "version": "0.7.1",
            "resolved": "https://registry.npmjs.org/ktx-parse/-/ktx-parse-0.7.1.tgz",
            "integrity": "sha512-FeA3g56ksdFNwjXJJsc1CCc7co+AJYDp6ipIp878zZ2bU8kWROatLYf39TQEd4/XRSUvBXovQ8gaVKWPXsCLEQ==",
            "license": "MIT"
        },
        "node_modules/lerc": {
            "version": "2.0.0",
            "resolved": "https://registry.npmjs.org/lerc/-/lerc-2.0.0.tgz",
            "integrity": "sha512-7qo1Mq8ZNmaR4USHHm615nEW2lPeeWJ3bTyoqFbd35DLx0LUH7C6ptt5FDCTAlbIzs3+WKrk5SkJvw8AFDE2hg==",
            "license": "Apache-2.0"
        },
        "node_modules/long": {
            "version": "5.3.2",
            "resolved": "https://registry.npmjs.org/long/-/long-5.3.2.tgz",
            "integrity": "sha512-mNAgZ1GmyNhD7AuqnTG3/VQ26o760+ZYBPKjPvugO8+nLbYfX6TVpJPseBvopbdY+qpZ/lKUnmEc1LeZYS3QAA==",
            "license": "Apache-2.0"
        },
        "node_modules/mersenne-twister": {
            "version": "1.1.0",
            "resolved": "https://registry.npmjs.org/mersenne-twister/-/mersenne-twister-1.1.0.tgz",
            "integrity": "sha512-mUYWsMKNrm4lfygPkL3OfGzOPTR2DBlTkBNHM//F6hGp8cLThY897crAlk3/Jo17LEOOjQUrNAx6DvgO77QJkA==",
            "license": "MIT"
        },
        "node_modules/meshoptimizer": {
            "version": "0.20.0",
            "resolved": "https://registry.npmjs.org/meshoptimizer/-/meshoptimizer-0.20.0.tgz",
            "integrity": "sha512-olcJ1q+YVnjroRJpCL1Dj5aZxr2JMr2hRutMUwhuHZvpAL7SIZgOT6eMlFF4TbBGSR89tawE/gqB79J/LrW/Nw==",
            "license": "MIT"
        },
        "node_modules/nosleep.js": {
            "version": "0.12.0",
            "resolved": "https://registry.npmjs.org/nosleep.js/-/nosleep.js-0.12.0.tgz",
            "integrity": "sha512-9d1HbpKLh3sdWlhXMhU6MMH+wQzKkrgfRkYV0EBdvt99YJfj0ilCJrWRDYG2130Tm4GXbEoTCx5b34JSaP+HhA==",
            "license": "MIT"
        },
        "node_modules/pako": {
            "version": "2.1.0",
            "resolved": "https://registry.npmjs.org/pako/-/pako-2.1.0.tgz",
            "integrity": "sha512-w+eufiZ1WuJYgPXbV/PO3NCMEc3xqylkKHzp8bxp1uW4qaSNQUkwmLLEc3kKsfz8lpV1F8Ht3U1Cm+9Srog2ug==",
            "license": "(MIT AND Zlib)"
        },
        "node_modules/protobufjs": {
            "version": "7.5.4",
            "resolved": "https://registry.npmjs.org/protobufjs/-/protobufjs-7.5.4.tgz",
            "integrity": "sha512-CvexbZtbov6jW2eXAvLukXjXUW1TzFaivC46BpWc/3BpcCysb5Vffu+B3XHMm8lVEuy2Mm4XGex8hBSg1yapPg==",
            "hasInstallScript": true,
            "license": "BSD-3-Clause",
            "dependencies": {
                "@protobufjs/aspromise": "^1.1.2",
                "@protobufjs/base64": "^1.1.2",
                "@protobufjs/codegen": "^2.0.4",
                "@protobufjs/eventemitter": "^1.1.0",
                "@protobufjs/fetch": "^1.1.0",
                "@protobufjs/float": "^1.0.2",
                "@protobufjs/inquire": "^1.1.0",
                "@protobufjs/path": "^1.1.2",
                "@protobufjs/pool": "^1.1.0",
                "@protobufjs/utf8": "^1.1.0",
                "@types/node": ">=13.7.0",
                "long": "^5.0.0"
            },
            "engines": {
                "node": ">=12.0.0"
            }
        },
        "node_modules/quickselect": {
            "version": "2.0.0",
            "resolved": "https://registry.npmjs.org/quickselect/-/quickselect-2.0.0.tgz",
            "integrity": "sha512-RKJ22hX8mHe3Y6wH/N3wCM6BWtjaxIyyUIkpHOvfFnxdI4yD4tBXEBKSbriGujF6jnSVkJrffuo6vxACiSSxIw==",
            "license": "ISC"
        },
        "node_modules/rbush": {
            "version": "3.0.1",
            "resolved": "https://registry.npmjs.org/rbush/-/rbush-3.0.1.tgz",
            "integrity": "sha512-XRaVO0YecOpEuIvbhbpTrZgoiI6xBlz6hnlr6EHhd+0x9ase6EmeN+hdwwUaJvLcsFFQ8iWVF1GAK1yB0BWi0w==",
            "license": "MIT",
            "dependencies": {
                "quickselect": "^2.0.0"
            }
        },
        "node_modules/topojson-client": {
            "version": "3.1.0",
            "resolved": "https://registry.npmjs.org/topojson-client/-/topojson-client-3.1.0.tgz",
            "integrity": "sha512-605uxS6bcYxGXw9qi62XyrV6Q3xwbndjachmNxu8HWTtVPxZfEJN9fd/SZS1Q54Sn2y0TMyMxFj/cJINqGHrKw==",
            "license": "ISC",
            "dependencies": {
                "commander": "2"
            },
            "bin": {
                "topo2geo": "bin/topo2geo",
                "topomerge": "bin/topomerge",
                "topoquantize": "bin/topoquantize"
            }
        },
        "node_modules/tslib": {
            "version": "2.8.1",
            "resolved": "https://registry.npmjs.org/tslib/-/tslib-2.8.1.tgz",
            "integrity": "sha512-oJFu94HQb+KVduSUQL7wnpmqnfmLsOA/nAh6b6EH0wCEoK0/mPeXU6c3wKDV83MkOuHPRHtSXKKU99IBazS/2w==",
            "license": "0BSD"
        },
        "node_modules/undici-types": {
            "version": "7.16.0",
            "resolved": "https://registry.npmjs.org/undici-types/-/undici-types-7.16.0.tgz",
            "integrity": "sha512-Zz+aZWSj8LE6zoxD+xrjh4VfkIG8Ya6LvYkZqtUQGJPZjYl53ypCaUwWqo7eI0x66KBGeRo+mlBEkMSeSZ38Nw==",
            "license": "MIT"
        },
        "node_modules/urijs": {
            "version": "1.19.11",
            "resolved": "https://registry.npmjs.org/urijs/-/urijs-1.19.11.tgz",
            "integrity": "sha512-HXgFDgDommxn5/bIv0cnQZsPhHDA90NPHD6+c/v21U5+Sx5hoP8+dP9IZXBU1gIfvdRfhG8cel9QNPeionfcCQ==",
            "license": "MIT"
        }
    }
}
